
Microsoft Visual Studio Solution File, Format Version 12.00
# Visual Studio Version 16
VisualStudioVersion = 16.0.810.3
MinimumVisualStudioVersion = 10.0.40219.1
Project("{FAE04EC0-301F-11D3-BF4B-00C04F79EFBC}") = "Technology", "Technology\Technology.csproj", "{3FC4F63C-1ECC-4617-8F67-90193D5544CE}"
EndProject
Global
	GlobalSection(SolutionConfigurationPlatforms) = preSolution
		Debug|Any CPU = Debug|Any CPU
		Release|Any CPU = Release|Any CPU
	EndGlobalSection
	GlobalSection(ProjectConfigurationPlatforms) = postSolution
		{3FC4F63C-1ECC-4617-8F67-90193D5544CE}.Debug|Any CPU.ActiveCfg = Debug|Any CPU
		{3FC4F63C-1ECC-4617-8F67-90193D5544CE}.Debug|Any CPU.Build.0 = Debug|Any CPU
		{3FC4F63C-1ECC-4617-8F67-90193D5544CE}.Release|Any CPU.ActiveCfg = Release|Any CPU
		{3FC4F63C-1ECC-4617-8F67-90193D5544CE}.Release|Any CPU.Build.0 = Release|Any CPU
	EndGlobalSection
	GlobalSection(SolutionProperties) = preSolution
		HideSolutionNode = FALSE
	EndGlobalSection
	GlobalSection(ExtensibilityGlobals) = postSolution
		SolutionGuid = {1DC64213-89E1-4A45-9CFD-56CE884C0181}
	EndGlobalSection
EndGlobal
